
Microsoft Visual Studio Solution File, Format Version 12.00
Project("{FAE04EC0-301F-11D3-BF4B-00C04F79EFBC}") = "SimpleUrlShortener.UrlShortener.Presentation", "SimpleUrlShortener.UrlShortener.Presentation\SimpleUrlShortener.UrlShortener.Presentation.csproj", "{D472225C-76F0-43AE-9DE5-4048DABEAF3F}"
EndProject
Project("{2150E333-8FDC-42A3-9474-1A3956D46DE8}") = "Solution Items", "Solution Items", "{222BCBF9-7776-49FC-9795-BE35A0A6F84D}"
	ProjectSection(SolutionItems) = preProject
		docker-compose.yml = docker-compose.yml
	EndProjectSection
EndProject
Project("{FAE04EC0-301F-11D3-BF4B-00C04F79EFBC}") = "SimpleUrlShortener.UrlShortener.Domain", "SimpleUrlShortener.UrlShortener.Domain\SimpleUrlShortener.UrlShortener.Domain.csproj", "{501A6124-B292-4707-8C43-14A839BF651E}"
EndProject
Project("{FAE04EC0-301F-11D3-BF4B-00C04F79EFBC}") = "SimpleUrlShortener.UrlShortener.Infrastructure", "SimpleUrlShortener.UrlShortener.Infrastructure\SimpleUrlShortener.UrlShortener.Infrastructure.csproj", "{01698920-8E4B-4CCD-94CB-AA01E721CEAD}"
EndProject
Project("{FAE04EC0-301F-11D3-BF4B-00C04F79EFBC}") = "SimpleUrlShortener.Analytics", "SimpleUrlShortener.Analytics\SimpleUrlShortener.Analytics.csproj", "{3F7CFA90-FD24-4D35-BF68-E45E5DD5609B}"
EndProject
Global
	GlobalSection(SolutionConfigurationPlatforms) = preSolution
		Debug|Any CPU = Debug|Any CPU
		Release|Any CPU = Release|Any CPU
	EndGlobalSection
	GlobalSection(ProjectConfigurationPlatforms) = postSolution
		{D472225C-76F0-43AE-9DE5-4048DABEAF3F}.Debug|Any CPU.ActiveCfg = Debug|Any CPU
		{D472225C-76F0-43AE-9DE5-4048DABEAF3F}.Debug|Any CPU.Build.0 = Debug|Any CPU
		{D472225C-76F0-43AE-9DE5-4048DABEAF3F}.Release|Any CPU.ActiveCfg = Release|Any CPU
		{D472225C-76F0-43AE-9DE5-4048DABEAF3F}.Release|Any CPU.Build.0 = Release|Any CPU
		{501A6124-B292-4707-8C43-14A839BF651E}.Debug|Any CPU.ActiveCfg = Debug|Any CPU
		{501A6124-B292-4707-8C43-14A839BF651E}.Debug|Any CPU.Build.0 = Debug|Any CPU
		{501A6124-B292-4707-8C43-14A839BF651E}.Release|Any CPU.ActiveCfg = Release|Any CPU
		{501A6124-B292-4707-8C43-14A839BF651E}.Release|Any CPU.Build.0 = Release|Any CPU
		{01698920-8E4B-4CCD-94CB-AA01E721CEAD}.Debug|Any CPU.ActiveCfg = Debug|Any CPU
		{01698920-8E4B-4CCD-94CB-AA01E721CEAD}.Debug|Any CPU.Build.0 = Debug|Any CPU
		{01698920-8E4B-4CCD-94CB-AA01E721CEAD}.Release|Any CPU.ActiveCfg = Release|Any CPU
		{01698920-8E4B-4CCD-94CB-AA01E721CEAD}.Release|Any CPU.Build.0 = Release|Any CPU
		{3F7CFA90-FD24-4D35-BF68-E45E5DD5609B}.Debug|Any CPU.ActiveCfg = Debug|Any CPU
		{3F7CFA90-FD24-4D35-BF68-E45E5DD5609B}.Debug|Any CPU.Build.0 = Debug|Any CPU
		{3F7CFA90-FD24-4D35-BF68-E45E5DD5609B}.Release|Any CPU.ActiveCfg = Release|Any CPU
		{3F7CFA90-FD24-4D35-BF68-E45E5DD5609B}.Release|Any CPU.Build.0 = Release|Any CPU
	EndGlobalSection
EndGlobal
