
Microsoft Visual Studio Solution File, Format Version 12.00
Project("{FAE04EC0-301F-11D3-BF4B-00C04F79EFBC}") = "SimpleUrlShortener.UrlLifetimeManager.API", "src\SimpleUrlShortener.UrlLifetimeManager.API\SimpleUrlShortener.UrlLifetimeManager.API.csproj", "{F018A2F4-0A9D-4E55-93A9-0907ADAAE2B6}"
EndProject
Project("{FAE04EC0-301F-11D3-BF4B-00C04F79EFBC}") = "SimpleUrlShortener.UrlLifetimeManager.Domain", "src\SimpleUrlShortener.UrlLifetimeManager.Domain\SimpleUrlShortener.UrlLifetimeManager.Domain.csproj", "{DDC60F3E-AF1D-4E0E-98C1-416245A6BBC0}"
EndProject
Project("{FAE04EC0-301F-11D3-BF4B-00C04F79EFBC}") = "SimpleUrlShortener.UrlLifetimeManager.Infrastructure", "src\SimpleUrlShortener.UrlLifetimeManager.Infrastructure\SimpleUrlShortener.UrlLifetimeManager.Infrastructure.csproj", "{D27508FD-5B6D-42A1-BBBB-24B52E6F9CE1}"
EndProject
Project("{FAE04EC0-301F-11D3-BF4B-00C04F79EFBC}") = "SimpleUrlShortener.UrlLifetimeManager.DbMigrator", "src\SimpleUrlShortener.UrlLifetimeManager.DbMigrator\SimpleUrlShortener.UrlLifetimeManager.DbMigrator.csproj", "{9451ECFE-D657-4E7A-8719-C650E9D5DC6F}"
EndProject
Global
	GlobalSection(SolutionConfigurationPlatforms) = preSolution
		Debug|Any CPU = Debug|Any CPU
		Release|Any CPU = Release|Any CPU
	EndGlobalSection
	GlobalSection(ProjectConfigurationPlatforms) = postSolution
		{F018A2F4-0A9D-4E55-93A9-0907ADAAE2B6}.Debug|Any CPU.ActiveCfg = Debug|Any CPU
		{F018A2F4-0A9D-4E55-93A9-0907ADAAE2B6}.Debug|Any CPU.Build.0 = Debug|Any CPU
		{F018A2F4-0A9D-4E55-93A9-0907ADAAE2B6}.Release|Any CPU.ActiveCfg = Release|Any CPU
		{F018A2F4-0A9D-4E55-93A9-0907ADAAE2B6}.Release|Any CPU.Build.0 = Release|Any CPU
		{DDC60F3E-AF1D-4E0E-98C1-416245A6BBC0}.Debug|Any CPU.ActiveCfg = Debug|Any CPU
		{DDC60F3E-AF1D-4E0E-98C1-416245A6BBC0}.Debug|Any CPU.Build.0 = Debug|Any CPU
		{DDC60F3E-AF1D-4E0E-98C1-416245A6BBC0}.Release|Any CPU.ActiveCfg = Release|Any CPU
		{DDC60F3E-AF1D-4E0E-98C1-416245A6BBC0}.Release|Any CPU.Build.0 = Release|Any CPU
		{D27508FD-5B6D-42A1-BBBB-24B52E6F9CE1}.Debug|Any CPU.ActiveCfg = Debug|Any CPU
		{D27508FD-5B6D-42A1-BBBB-24B52E6F9CE1}.Debug|Any CPU.Build.0 = Debug|Any CPU
		{D27508FD-5B6D-42A1-BBBB-24B52E6F9CE1}.Release|Any CPU.ActiveCfg = Release|Any CPU
		{D27508FD-5B6D-42A1-BBBB-24B52E6F9CE1}.Release|Any CPU.Build.0 = Release|Any CPU
		{9451ECFE-D657-4E7A-8719-C650E9D5DC6F}.Debug|Any CPU.ActiveCfg = Debug|Any CPU
		{9451ECFE-D657-4E7A-8719-C650E9D5DC6F}.Debug|Any CPU.Build.0 = Debug|Any CPU
		{9451ECFE-D657-4E7A-8719-C650E9D5DC6F}.Release|Any CPU.ActiveCfg = Release|Any CPU
		{9451ECFE-D657-4E7A-8719-C650E9D5DC6F}.Release|Any CPU.Build.0 = Release|Any CPU
	EndGlobalSection
EndGlobal
